
Microsoft Visual Studio Solution File, Format Version 12.00
# Visual Studio Version 16
VisualStudioVersion = 16.0.30002.166
MinimumVisualStudioVersion = 10.0.40219.1
Project("{FAE04EC0-301F-11D3-BF4B-00C04F79EFBC}") = "Nonbinary Tree", "Nonbinary Tree\Nonbinary Tree.csproj", "{4DB56F62-724B-4C78-A1E6-9F875E97EEB5}"
EndProject
Project("{9A19103F-16F7-4668-BE54-9A1E7A4F7556}") = "ListTreesLibrary", "..\ListTrees\ListTreesLibrary\ListTreesLibrary.csproj", "{D1F58053-43EE-4FC4-BDF7-4D6E36ABB829}"
EndProject
Global
	GlobalSection(SolutionConfigurationPlatforms) = preSolution
		Debug|Any CPU = Debug|Any CPU
		Release|Any CPU = Release|Any CPU
	EndGlobalSection
	GlobalSection(ProjectConfigurationPlatforms) = postSolution
		{4DB56F62-724B-4C78-A1E6-9F875E97EEB5}.Debug|Any CPU.ActiveCfg = Debug|Any CPU
		{4DB56F62-724B-4C78-A1E6-9F875E97EEB5}.Debug|Any CPU.Build.0 = Debug|Any CPU
		{4DB56F62-724B-4C78-A1E6-9F875E97EEB5}.Release|Any CPU.ActiveCfg = Release|Any CPU
		{4DB56F62-724B-4C78-A1E6-9F875E97EEB5}.Release|Any CPU.Build.0 = Release|Any CPU
		{D1F58053-43EE-4FC4-BDF7-4D6E36ABB829}.Debug|Any CPU.ActiveCfg = Debug|Any CPU
		{D1F58053-43EE-4FC4-BDF7-4D6E36ABB829}.Debug|Any CPU.Build.0 = Debug|Any CPU
		{D1F58053-43EE-4FC4-BDF7-4D6E36ABB829}.Release|Any CPU.ActiveCfg = Release|Any CPU
		{D1F58053-43EE-4FC4-BDF7-4D6E36ABB829}.Release|Any CPU.Build.0 = Release|Any CPU
	EndGlobalSection
	GlobalSection(SolutionProperties) = preSolution
		HideSolutionNode = FALSE
	EndGlobalSection
	GlobalSection(ExtensibilityGlobals) = postSolution
		SolutionGuid = {E5961D93-FA17-490E-8105-B2CD7F1B8940}
	EndGlobalSection
EndGlobal
